
Microsoft Visual Studio Solution File, Format Version 12.00
# Visual Studio 15
Project("{FAE04EC0-301F-11D3-BF4B-00C04F79EFBC}") = "Assembly-CSharp", "Assembly-CSharp.csproj", "{3A4377A8-5E43-F2CC-03EA-1501BA093381}"
EndProject
Project("{FAE04EC0-301F-11D3-BF4B-00C04F79EFBC}") = "Assembly-CSharp-Editor", "Assembly-CSharp-Editor.csproj", "{B0F42A77-A46F-BA74-8D5F-70959EC038C6}"
EndProject
Global
	GlobalSection(SolutionConfigurationPlatforms) = preSolution
		Debug|Any CPU = Debug|Any CPU
		Release|Any CPU = Release|Any CPU
	EndGlobalSection
	GlobalSection(ProjectConfigurationPlatforms) = postSolution
		{3A4377A8-5E43-F2CC-03EA-1501BA093381}.Debug|Any CPU.ActiveCfg = Debug|Any CPU
		{3A4377A8-5E43-F2CC-03EA-1501BA093381}.Debug|Any CPU.Build.0 = Debug|Any CPU
		{3A4377A8-5E43-F2CC-03EA-1501BA093381}.Release|Any CPU.ActiveCfg = Release|Any CPU
		{3A4377A8-5E43-F2CC-03EA-1501BA093381}.Release|Any CPU.Build.0 = Release|Any CPU
		{B0F42A77-A46F-BA74-8D5F-70959EC038C6}.Debug|Any CPU.ActiveCfg = Debug|Any CPU
		{B0F42A77-A46F-BA74-8D5F-70959EC038C6}.Debug|Any CPU.Build.0 = Debug|Any CPU
		{B0F42A77-A46F-BA74-8D5F-70959EC038C6}.Release|Any CPU.ActiveCfg = Release|Any CPU
		{B0F42A77-A46F-BA74-8D5F-70959EC038C6}.Release|Any CPU.Build.0 = Release|Any CPU
	EndGlobalSection
	GlobalSection(SolutionProperties) = preSolution
		HideSolutionNode = FALSE
	EndGlobalSection
EndGlobal
